
Microsoft Visual Studio Solution File, Format Version 12.00
# Visual Studio Version 16
VisualStudioVersion = 16.0.31729.503
MinimumVisualStudioVersion = 10.0.40219.1
Project("{FAE04EC0-301F-11D3-BF4B-00C04F79EFBC}") = "wincronjob", "wincronjob\wincronjob.csproj", "{10B060D3-4FAE-4F9A-A913-F4043F5A33C7}"
EndProject
Global
	GlobalSection(SolutionConfigurationPlatforms) = preSolution
		Debug|Any CPU = Debug|Any CPU
		Release|Any CPU = Release|Any CPU
	EndGlobalSection
	GlobalSection(ProjectConfigurationPlatforms) = postSolution
		{10B060D3-4FAE-4F9A-A913-F4043F5A33C7}.Debug|Any CPU.ActiveCfg = Debug|Any CPU
		{10B060D3-4FAE-4F9A-A913-F4043F5A33C7}.Debug|Any CPU.Build.0 = Debug|Any CPU
		{10B060D3-4FAE-4F9A-A913-F4043F5A33C7}.Release|Any CPU.ActiveCfg = Release|Any CPU
		{10B060D3-4FAE-4F9A-A913-F4043F5A33C7}.Release|Any CPU.Build.0 = Release|Any CPU
	EndGlobalSection
	GlobalSection(SolutionProperties) = preSolution
		HideSolutionNode = FALSE
	EndGlobalSection
	GlobalSection(ExtensibilityGlobals) = postSolution
		SolutionGuid = {96A902AC-5465-45E2-A90F-24F2E6CC4DBD}
	EndGlobalSection
EndGlobal
